# This file is autogenerated, do not edit; changes may be undone by the next 'dep ensure'.


[[projects]]
  branch = "master"
  name = "github.com/google/go-querystring"
  packages = ["query"]
  revision = "53e6ce116135b80d037921a7fdd5138cf32d7a8a"

[solve-meta]
  analyzer-name = "dep"
  analyzer-version = 1
  inputs-digest = "9dbd41f485aede41fe8ab9ddcda2ae093c6e093aad788c3fdccd8324d4eb92da"
  solver-name = "gps-cdcl"
  solver-version = 1
